<?xml version="1.0" encoding="utf-8"?>
<Project ToolsVersion="4.0" xmlns="http://schemas.microsoft.com/developer/msbuild/2003">
  <ItemGroup>
    <Filter Include="Source Files">
      <UniqueIdentifier>{4FC737F1-C7A5-4376-A066-2A32D752A2FF}</UniqueIdentifier>
      <Extensions>cpp;c;cc;cxx;def;odl;idl;hpj;bat;asm;asmx</Extensions>
    </Filter>
    <Filter Include="Header Files">
      <UniqueIdentifier>{93995380-89BD-4b04-88EB-625FBE52EBFB}</UniqueIdentifier>
      <Extensions>h;hh;hpp;hxx;hm;inl;inc;xsd</Extensions>
    </Filter>
    <Filter Include="Resource Files">
      <UniqueIdentifier>{67DA6AB6-F800-4c08-8B7A-83BB121AAD01}</UniqueIdentifier>
      <Extensions>rc;ico;cur;bmp;dlg;rc2;rct;bin;rgs;gif;jpg;jpeg;jpe;resx;tiff;tif;png;wav;mfcribbon-ms</Extensions>
    </Filter>
  </ItemGroup>
  <ItemGroup>
    <Text Include="ReadMe.txt" />
  </ItemGroup>
  <ItemGroup>
    <ClInclude Include="stdafx.h">
      <Filter>Header Files</Filter>
    </ClInclude>
    <ClInclude Include="targetver.h">
      <Filter>Header Files</Filter>
    </ClInclude>
    <ClInclude Include="ICommand.h">
      <Filter>Header Files</Filter>
    </ClInclude>
    <ClInclude Include="IDocument.h">
      <Filter>Header Files</Filter>
    </ClInclude>
    <ClInclude Include="IImage.h">
      <Filter>Header Files</Filter>
    </ClInclude>
    <ClInclude Include="IParagraph.h">
      <Filter>Header Files</Filter>
    </ClInclude>
    <ClInclude Include="CDocument.h">
      <Filter>Header Files</Filter>
    </ClInclude>
    <ClInclude Include="CCommandHandler.h">
      <Filter>Header Files</Filter>
    </ClInclude>
    <ClInclude Include="CCommandLog.h">
      <Filter>Header Files</Filter>
    </ClInclude>
    <ClInclude Include="CDocumentItemStorage.h">
      <Filter>Header Files</Filter>
    </ClInclude>
    <ClInclude Include="CDocumentItem.h">
      <Filter>Header Files</Filter>
    </ClInclude>
    <ClInclude Include="CParagraph.h">
      <Filter>Header Files</Filter>
    </ClInclude>
    <ClInclude Include="CChangeStringCommand.h">
      <Filter>Header Files</Filter>
    </ClInclude>
    <ClInclude Include="AbstractCommand.h">
      <Filter>Header Files</Filter>
    </ClInclude>
    <ClInclude Include="CInsertParagraphCommand.h">
      <Filter>Header Files</Filter>
    </ClInclude>
    <ClInclude Include="CInsertImageCommand.h">
      <Filter>Header Files</Filter>
    </ClInclude>
    <ClInclude Include="CReplaceTextCommand.h">
      <Filter>Header Files</Filter>
    </ClInclude>
    <ClInclude Include="CResizeImageCommand.h">
      <Filter>Header Files</Filter>
    </ClInclude>
    <ClInclude Include="CDeleteItemCommand.h">
      <Filter>Header Files</Filter>
    </ClInclude>
    <ClInclude Include="CImageImpl.h">
      <Filter>Header Files</Filter>
    </ClInclude>
    <ClInclude Include="CImage.h">
      <Filter>Header Files</Filter>
    </ClInclude>
  </ItemGroup>
  <ItemGroup>
    <ClCompile Include="stdafx.cpp">
      <Filter>Source Files</Filter>
    </ClCompile>
    <ClCompile Include="main.cpp">
      <Filter>Source Files</Filter>
    </ClCompile>
    <ClCompile Include="CDocument.cpp">
      <Filter>Source Files</Filter>
    </ClCompile>
    <ClCompile Include="CCommandHandler.cpp">
      <Filter>Source Files</Filter>
    </ClCompile>
    <ClCompile Include="CCommandLog.cpp">
      <Filter>Source Files</Filter>
    </ClCompile>
    <ClCompile Include="CDocumentItemStorage.cpp">
      <Filter>Source Files</Filter>
    </ClCompile>
    <ClCompile Include="CDocumentItem.cpp">
      <Filter>Source Files</Filter>
    </ClCompile>
    <ClCompile Include="CParagraph.cpp">
      <Filter>Source Files</Filter>
    </ClCompile>
    <ClCompile Include="CChangeStringCommand.cpp">
      <Filter>Source Files</Filter>
    </ClCompile>
    <ClCompile Include="AbstractCommand.cpp">
      <Filter>Source Files</Filter>
    </ClCompile>
    <ClCompile Include="CInsertParagraphCommand.cpp">
      <Filter>Source Files</Filter>
    </ClCompile>
    <ClCompile Include="CInsertImageCommand.cpp">
      <Filter>Source Files</Filter>
    </ClCompile>
    <ClCompile Include="CReplaceTextCommand.cpp">
      <Filter>Source Files</Filter>
    </ClCompile>
    <ClCompile Include="CResizeImageCommand.cpp">
      <Filter>Source Files</Filter>
    </ClCompile>
    <ClCompile Include="CDeleteItemCommand.cpp">
      <Filter>Source Files</Filter>
    </ClCompile>
    <ClCompile Include="CImageImpl.cpp">
      <Filter>Source Files</Filter>
    </ClCompile>
    <ClCompile Include="CImage.cpp">
      <Filter>Source Files</Filter>
    </ClCompile>
  </ItemGroup>
</Project>